lockfileVersion: '9.0'

settings:
  autoInstallPeers: true
  excludeLinksFromLockfile: false

importers:

  .:
    devDependencies:
      cspell:
        specifier: ^6.18.1
        version: 6.31.3
      husky:
        specifier: ^8.0.0
        version: 8.0.3
      prettier:
        specifier: 3.6.2
        version: 3.6.2

packages:

  '@babel/code-frame@7.26.2':
    resolution: {integrity: sha512-RJlIHRueQgwWitWgF8OdFYGZX328Ax5BCemNGlqHfplnRT9ESi8JkFlvaVYbS+UubVY6dpv87Fs2u5M29iNFVQ==}
    engines: {node: '>=6.9.0'}

  '@babel/helper-validator-identifier@7.25.9':
    resolution: {integrity: sha512-Ed61U6XJc3CVRfkERJWDz4dJwKe7iLmmJsbOGu9wSloNSFttHV0I8g6UAgb7qnK5ly5bGLPd4oXZlxCdANBOWQ==}
    engines: {node: '>=6.9.0'}

  '@cspell/cspell-bundled-dicts@6.31.3':
    resolution: {integrity: sha512-KXy3qKWYzXOGYwqOGMCXHem3fV39iEmoKLiNhoWWry/SFdvAafmeY+LIDcQTXAcOQLkMDCwP2/rY/NadcWnrjg==}
    engines: {node: '>=14'}

  '@cspell/cspell-json-reporter@6.31.3':
    resolution: {integrity: sha512-ZJwj2vT4lxncYxduXcxy0dCvjjMvXIfphbLSCN5CXvufrtupB4KlcjZUnOofCi4pfpp8qocCSn1lf2DU9xgUXA==}
    engines: {node: '>=14'}

  '@cspell/cspell-pipe@6.31.3':
    resolution: {integrity: sha512-Lv/y4Ya/TJyU1pf66yl1te7LneFZd3lZg1bN5oe1cPrKSmfWdiX48v7plTRecWd/OWyLGd0yN807v79A+/0W7A==}
    engines: {node: '>=14'}

  '@cspell/cspell-service-bus@6.31.3':
    resolution: {integrity: sha512-x5j8j3n39KN8EXOAlv75CpircdpF5WEMCC5pcO916o6GBmJBy8SrdzdsBGJhVcYGGilqy6pf8R9RCZ3yAmG8gQ==}
    engines: {node: '>=14'}

  '@cspell/cspell-types@6.31.3':
    resolution: {integrity: sha512-wZ+t+lUsQJB65M31btZM4fH3K1CkRgE8pSeTiCwxYcnCL19pi4TMcEEMKdO8yFZMdocW4B7VRwzxNoQMw2ewBg==}
    engines: {node: '>=14'}

  '@cspell/dict-ada@4.1.0':
    resolution: {integrity: sha512-7SvmhmX170gyPd+uHXrfmqJBY5qLcCX8kTGURPVeGxmt8XNXT75uu9rnZO+jwrfuU2EimNoArdVy5GZRGljGNg==}

  '@cspell/dict-aws@3.0.0':
    resolution: {integrity: sha512-O1W6nd5y3Z00AMXQMzfiYrIJ1sTd9fB1oLr+xf/UD7b3xeHeMeYE2OtcWbt9uyeHim4tk+vkSTcmYEBKJgS5bQ==}

  '@cspell/dict-bash@4.2.0':
    resolution: {integrity: sha512-HOyOS+4AbCArZHs/wMxX/apRkjxg6NDWdt0jF9i9XkvJQUltMwEhyA2TWYjQ0kssBsnof+9amax2lhiZnh3kCg==}

  '@cspell/dict-companies@3.1.12':
    resolution: {integrity: sha512-99FxBNdLOQc3nVQ663Xh7JqDLbIy/AdqOecQ5bk3HpmXpSkoDvTT7XCUU5nQZvmFBrrQlXFKlRRYjLfTEOUDdA==}

  '@cspell/dict-cpp@5.1.23':
    resolution: {integrity: sha512-59VUam6bYWzn50j8FASWWLww0rBPA0PZfjMZBvvt0aqMpkvXzoJPnAAI4eDDSibPWVHKutjpqLmast+uMLHVsQ==}

  '@cspell/dict-cryptocurrencies@3.0.1':
    resolution: {integrity: sha512-Tdlr0Ahpp5yxtwM0ukC13V6+uYCI0p9fCRGMGZt36rWv8JQZHIuHfehNl7FB/Qc09NCF7p5ep0GXbL+sVTd/+w==}

  '@cspell/dict-csharp@4.0.6':
    resolution: {integrity: sha512-w/+YsqOknjQXmIlWDRmkW+BHBPJZ/XDrfJhZRQnp0wzpPOGml7W0q1iae65P2AFRtTdPKYmvSz7AL5ZRkCnSIw==}

  '@cspell/dict-css@4.0.17':
    resolution: {integrity: sha512-2EisRLHk6X/PdicybwlajLGKF5aJf4xnX2uuG5lexuYKt05xV/J/OiBADmi8q9obhxf1nesrMQbqAt+6CsHo/w==}

  '@cspell/dict-dart@2.3.0':
    resolution: {integrity: sha512-1aY90lAicek8vYczGPDKr70pQSTQHwMFLbmWKTAI6iavmb1fisJBS1oTmMOKE4ximDf86MvVN6Ucwx3u/8HqLg==}

  '@cspell/dict-data-science@2.0.6':
    resolution: {integrity: sha512-gOYKZOg358yhnnQfr1/f232REmjeIymXUHJdrLEMPirluv2rzMWvEBBazqRVQ++jMUNg9IduVI0v096ZWMDekA==}

  '@cspell/dict-django@4.1.4':
    resolution: {integrity: sha512-fX38eUoPvytZ/2GA+g4bbdUtCMGNFSLbdJJPKX2vbewIQGfgSFJKY56vvcHJKAvw7FopjvgyS/98Ta9WN1gckg==}

  '@cspell/dict-docker@1.1.12':
    resolution: {integrity: sha512-6d25ZPBnYZaT9D9An/x6g/4mk542R8bR3ipnby3QFCxnfdd6xaWiTcwDPsCgwN2aQZIQ1jX/fil9KmBEqIK/qA==}

  '@cspell/dict-dotnet@5.0.9':
    resolution: {integrity: sha512-JGD6RJW5sHtO5lfiJl11a5DpPN6eKSz5M1YBa1I76j4dDOIqgZB6rQexlDlK1DH9B06X4GdDQwdBfnpAB0r2uQ==}

  '@cspell/dict-elixir@4.0.7':
    resolution: {integrity: sha512-MAUqlMw73mgtSdxvbAvyRlvc3bYnrDqXQrx5K9SwW8F7fRYf9V4vWYFULh+UWwwkqkhX9w03ZqFYRTdkFku6uA==}

  '@cspell/dict-en-common-misspellings@1.0.2':
    resolution: {integrity: sha512-jg7ZQZpZH7+aAxNBlcAG4tGhYF6Ksy+QS5Df73Oo+XyckBjC9QS+PrRwLTeYoFIgXy5j3ICParK5r3MSSoL4gw==}

  '@cspell/dict-en-gb@1.1.33':
    resolution: {integrity: sha512-tKSSUf9BJEV+GJQAYGw5e+ouhEe2ZXE620S7BLKe3ZmpnjlNG9JqlnaBhkIMxKnNFkLY2BP/EARzw31AZnOv4g==}

  '@cspell/dict-en_us@4.3.29':
    resolution: {integrity: sha512-7kHP0sJ271oS5RqakxvhWvHFoCUFCBDV6+cgIRIpKwW0aYVB4F2AwElGsdeE/XEmihhYUje7e/e6X3IEWHrcrQ==}

  '@cspell/dict-filetypes@3.0.10':
    resolution: {integrity: sha512-JEN3627joBVtpa1yfkdN9vz1Z129PoKGHBKjXCEziJvf2Zt1LeULWYYYg/O6pzRR4yzRa5YbXDTuyrN7vX7DFg==}

  '@cspell/dict-fonts@3.0.2':
    resolution: {integrity: sha512-Z5QdbgEI7DV+KPXrAeDA6dDm/vTzyaW53SGlKqz6PI5VhkOjgkBXv3YtZjnxMZ4dY2ZIqq+RUK6qa9Pi8rQdGQ==}

  '@cspell/dict-fullstack@3.2.3':
    resolution: {integrity: sha512-62PbndIyQPH11mAv0PyiyT0vbwD0AXEocPpHlCHzfb5v9SspzCCbzQ/LIBiFmyRa+q5LMW35CnSVu6OXdT+LKg==}

  '@cspell/dict-gaming-terms@1.1.0':
    resolution: {integrity: sha512-46AnDs9XkgJ2f1Sqol1WgfJ8gOqp60fojpc9Wxch7x+BA63g4JfMV5/M5x0sI0TLlLY8EBSglcr8wQF/7C80AQ==}

  '@cspell/dict-git@2.0.0':
    resolution: {integrity: sha512-n1AxyX5Kgxij/sZFkxFJlzn3K9y/sCcgVPg/vz4WNJ4K9YeTsUmyGLA2OQI7d10GJeiuAo2AP1iZf2A8j9aj2w==}

  '@cspell/dict-golang@6.0.18':
    resolution: {integrity: sha512-Mt+7NwfodDwUk7423DdaQa0YaA+4UoV3XSxQwZioqjpFBCuxfvvv4l80MxCTAAbK6duGj0uHbGTwpv8fyKYPKg==}

  '@cspell/dict-haskell@4.0.5':
    resolution: {integrity: sha512-s4BG/4tlj2pPM9Ha7IZYMhUujXDnI0Eq1+38UTTCpatYLbQqDwRFf2KNPLRqkroU+a44yTUAe0rkkKbwy4yRtQ==}

  '@cspell/dict-html-symbol-entities@4.0.3':
    resolution: {integrity: sha512-aABXX7dMLNFdSE8aY844X4+hvfK7977sOWgZXo4MTGAmOzR8524fjbJPswIBK7GaD3+SgFZ2yP2o0CFvXDGF+A==}

  '@cspell/dict-html@4.0.11':
    resolution: {integrity: sha512-QR3b/PB972SRQ2xICR1Nw/M44IJ6rjypwzA4jn+GH8ydjAX9acFNfc+hLZVyNe0FqsE90Gw3evLCOIF0vy1vQw==}

  '@cspell/dict-java@5.0.11':
    resolution: {integrity: sha512-T4t/1JqeH33Raa/QK/eQe26FE17eUCtWu+JsYcTLkQTci2dk1DfcIKo8YVHvZXBnuM43ATns9Xs0s+AlqDeH7w==}

  '@cspell/dict-k8s@1.0.10':
    resolution: {integrity: sha512-313haTrX9prep1yWO7N6Xw4D6tvUJ0Xsx+YhCP+5YrrcIKoEw5Rtlg8R4PPzLqe6zibw6aJ+Eqq+y76Vx5BZkw==}

  '@cspell/dict-latex@4.0.3':
    resolution: {integrity: sha512-2KXBt9fSpymYHxHfvhUpjUFyzrmN4c4P8mwIzweLyvqntBT3k0YGZJSriOdjfUjwSygrfEwiuPI1EMrvgrOMJw==}

  '@cspell/dict-lorem-ipsum@3.0.0':
    resolution: {integrity: sha512-msEV24qEpzWZs2kcEicqYlhyBpR0amfDkJOs+iffC07si9ftqtQ+yP3lf1VFLpgqw3SQh1M1vtU7RD4sPrNlcQ==}

  '@cspell/dict-lua@4.0.7':
    resolution: {integrity: sha512-Wbr7YSQw+cLHhTYTKV6cAljgMgcY+EUAxVIZW3ljKswEe4OLxnVJ7lPqZF5JKjlXdgCjbPSimsHqyAbC5pQN/Q==}

  '@cspell/dict-node@4.0.3':
    resolution: {integrity: sha512-sFlUNI5kOogy49KtPg8SMQYirDGIAoKBO3+cDLIwD4MLdsWy1q0upc7pzGht3mrjuyMiPRUV14Bb0rkVLrxOhg==}

  '@cspell/dict-npm@5.1.22':
    resolution: {integrity: sha512-fZBTn8QHr8pAv1/I14CmdDWpVkovCfYpSYiGfV1SZkOjrsKLzPxsP84eaP3RijbFtYj3GMplVN27FR3H5oHfiw==}

  '@cspell/dict-php@4.0.14':
    resolution: {integrity: sha512-7zur8pyncYZglxNmqsRycOZ6inpDoVd4yFfz1pQRe5xaRWMiK3Km4n0/X/1YMWhh3e3Sl/fQg5Axb2hlN68t1g==}

  '@cspell/dict-powershell@5.0.14':
    resolution: {integrity: sha512-ktjjvtkIUIYmj/SoGBYbr3/+CsRGNXGpvVANrY0wlm/IoGlGywhoTUDYN0IsGwI2b8Vktx3DZmQkfb3Wo38jBA==}

  '@cspell/dict-public-licenses@2.0.12':
    resolution: {integrity: sha512-obreJMVbz8ZrXyc60PcS/B2FwXaO3AWPO2x50zrI/n4UDuBr/UdPb6M1q++6c08n+151I35GEx52xRFiToSg4g==}

  '@cspell/dict-python@4.2.14':
    resolution: {integrity: sha512-NZ/rsTH5gqTlEwbSg0vn5b1TsyzrUvA6ykwCVCwsVDdlQAS82cyDsF9JqHp8S4d6PFykmkfSxtAXYyOUr0KCbg==}

  '@cspell/dict-r@2.1.0':
    resolution: {integrity: sha512-k2512wgGG0lTpTYH9w5Wwco+lAMf3Vz7mhqV8+OnalIE7muA0RSuD9tWBjiqLcX8zPvEJr4LdgxVju8Gk3OKyA==}

  '@cspell/dict-ruby@5.0.7':
    resolution: {integrity: sha512-4/d0hcoPzi5Alk0FmcyqlzFW9lQnZh9j07MJzPcyVO62nYJJAGKaPZL2o4qHeCS/od/ctJC5AHRdoUm0ktsw6Q==}

  '@cspell/dict-rust@4.0.11':
    resolution: {integrity: sha512-OGWDEEzm8HlkSmtD8fV3pEcO2XBpzG2XYjgMCJCRwb2gRKvR+XIm6Dlhs04N/K2kU+iH8bvrqNpM8fS/BFl0uw==}

  '@cspell/dict-scala@5.0.7':
    resolution: {integrity: sha512-yatpSDW/GwulzO3t7hB5peoWwzo+Y3qTc0pO24Jf6f88jsEeKmDeKkfgPbYuCgbE4jisGR4vs4+jfQZDIYmXPA==}

  '@cspell/dict-shell@1.1.0':
    resolution: {integrity: sha512-D/xHXX7T37BJxNRf5JJHsvziFDvh23IF/KvkZXNSh8VqcRdod3BAz9VGHZf6VDqcZXr1VRqIYR3mQ8DSvs3AVQ==}

  '@cspell/dict-software-terms@3.4.10':
    resolution: {integrity: sha512-S5S2sz98v4GWJ9TMo62Vp4L5RM/329e5UQfFn7yJfieTcrfXRH4IweVdz34rZcK9o5coGptgBUIv/Jcrd4cMpg==}

  '@cspell/dict-sql@2.2.0':
    resolution: {integrity: sha512-MUop+d1AHSzXpBvQgQkCiok8Ejzb+nrzyG16E8TvKL2MQeDwnIvMe3bv90eukP6E1HWb+V/MA/4pnq0pcJWKqQ==}

  '@cspell/dict-svelte@1.0.6':
    resolution: {integrity: sha512-8LAJHSBdwHCoKCSy72PXXzz7ulGROD0rP1CQ0StOqXOOlTUeSFaJJlxNYjlONgd2c62XBQiN2wgLhtPN+1Zv7Q==}

  '@cspell/dict-swift@2.0.5':
    resolution: {integrity: sha512-3lGzDCwUmnrfckv3Q4eVSW3sK3cHqqHlPprFJZD4nAqt23ot7fic5ALR7J4joHpvDz36nHX34TgcbZNNZOC/JA==}

  '@cspell/dict-typescript@3.2.0':
    resolution: {integrity: sha512-Pk3zNePLT8qg51l0M4g1ISowYAEGxTuNfZlgkU5SvHa9Cu7x/BWoyYq9Fvc3kAyoisCjRPyvWF4uRYrPitPDFw==}

  '@cspell/dict-vue@3.0.4':
    resolution: {integrity: sha512-0dPtI0lwHcAgSiQFx8CzvqjdoXROcH+1LyqgROCpBgppommWpVhbQ0eubnKotFEXgpUCONVkeZJ6Ql8NbTEu+w==}

  '@cspell/dynamic-import@6.31.3':
    resolution: {integrity: sha512-A6sT00+6UNGFksQ5SxW2ohNl6vUutai8F4jwJMHTjZL/9vivQpU7y5V4PpsfoPZtx3WZcbrzuTvJ+tLfdbWc4A==}
    engines: {node: '>=14'}

  '@cspell/strong-weak-map@6.31.3':
    resolution: {integrity: sha512-znwc9IlgGUPioHGshP/zyM8HsuYg1OY5S7HSiVXARh5H8RqcyBsnyn8abc0PPhqPrfDy9Fh5xHsAEPZ55dl1vQ==}
    engines: {node: '>=14.6'}

  '@nodelib/fs.scandir@2.1.5':
    resolution: {integrity: sha512-vq24Bq3ym5HEQm2NKCr3yXDwjc7vTsEThRDnkp2DK9p1uqLR+DHurm/NOTo0KG7HYHU7eppKZj3MyqYuMBf62g==}
    engines: {node: '>= 8'}

  '@nodelib/fs.stat@2.0.5':
    resolution: {integrity: sha512-RkhPPp2zrqDAQA/2jNhnztcPAlv64XdhIp7a7454A5ovI7Bukxgt7MX7udwAu3zg1DcpPU0rz3VV1SeaqvY4+A==}
    engines: {node: '>= 8'}

  '@nodelib/fs.walk@1.2.8':
    resolution: {integrity: sha512-oGB+UxlgWcgQkgwo8GcEGwemoTFt3FIO9ababBmaGwXIoBKZ+GTy0pP185beGg7Llih/NSHSV2XAs1lnznocSg==}
    engines: {node: '>= 8'}

  ansi-regex@5.0.1:
    resolution: {integrity: sha512-quJQXlTSUGL2LH9SUXo8VwsY4soanhgo6LNSm84E1LBcE8s3O0wpdiRzyR9z/ZZJMlMWv37qOOb9pdJlMUEKFQ==}
    engines: {node: '>=8'}

  ansi-styles@4.3.0:
    resolution: {integrity: sha512-zbB9rCJAT1rbjiVDb2hqKFHNYLxgtk8NURxZ3IZwD3F6NtxbXZQCnnSi1Lkx+IDohdPlFp222wVALIheZJQSEg==}
    engines: {node: '>=8'}

  argparse@2.0.1:
    resolution: {integrity: sha512-8+9WqebbFzpX9OR+Wa6O29asIogeRMzcGtAINdpMHHyAg10f05aSFVBbcEqGf/PXw1EjAZ+q2/bEBg3DvurK3Q==}

  array-timsort@1.0.3:
    resolution: {integrity: sha512-/+3GRL7dDAGEfM6TseQk/U+mi18TU2Ms9I3UlLdUMhz2hbvGNTKdj9xniwXfUqgYhHxRx0+8UnKkvlNwVU+cWQ==}

  balanced-match@1.0.2:
    resolution: {integrity: sha512-3oSeUO0TMV67hN1AmbXsK4yaqU7tjiHlbxRDZOpH0KW9+CeX4bRAaX0Anxt0tx2MrpRpWwQaPwIlISEJhYU5Pw==}

  brace-expansion@1.1.11:
    resolution: {integrity: sha512-iCuPHDFgrHX7H2vEI/5xpz07zSHB00TpugqhmYtVmMO6518mCuRMoOYFldEBl0g187ufozdaHgWKcYFb61qGiA==}

  braces@3.0.3:
    resolution: {integrity: sha512-yQbXgO/OSZVD2IsiLlro+7Hf6Q18EJrKSEsdoMzKePKXct3gvD8oLcOQdIzGupr5Fj+EDe8gO/lxc1BzfMpxvA==}
    engines: {node: '>=8'}

  callsites@3.1.0:
    resolution: {integrity: sha512-P8BjAsXvZS+VIDUI11hHCQEv74YT67YUi5JJFNWIqL235sBmjX4+qx9Muvls5ivyNENctx46xQLQ3aTuE7ssaQ==}
    engines: {node: '>=6'}

  chalk@4.1.2:
    resolution: {integrity: sha512-oKnbhFyRIXpUuez8iBMmyEa4nbj4IOQyuhc/wy9kY7/WVPcwIO9VA668Pu8RkO7+0G76SLROeyw9CpQ061i4mA==}
    engines: {node: '>=10'}

  clear-module@4.1.2:
    resolution: {integrity: sha512-LWAxzHqdHsAZlPlEyJ2Poz6AIs384mPeqLVCru2p0BrP9G/kVGuhNyZYClLO6cXlnuJjzC8xtsJIuMjKqLXoAw==}
    engines: {node: '>=8'}

  color-convert@2.0.1:
    resolution: {integrity: sha512-RRECPsj7iu/xb5oKYcsFHSppFNnsj/52OVTRKb4zP5onXwVF3zVmmToNcOfGC+CRDpfK/U584fMg38ZHCaElKQ==}
    engines: {node: '>=7.0.0'}

  color-name@1.1.4:
    resolution: {integrity: sha512-dOy+3AuW3a2wNbZHIuMZpTcgjGuLU/uBL/ubcZF9OXbDo8ff4O8yVp5Bf0efS8uEoYo5q4Fx7dY9OgQGXgAsQA==}

  commander@10.0.1:
    resolution: {integrity: sha512-y4Mg2tXshplEbSGzx7amzPwKKOCGuoSRP/CjEdwwk0FOGlUbq6lKuoyDZTNZkmxHdJtp54hdfY/JUrdL7Xfdug==}
    engines: {node: '>=14'}

  comment-json@4.2.5:
    resolution: {integrity: sha512-bKw/r35jR3HGt5PEPm1ljsQQGyCrR8sFGNiN5L+ykDHdpO8Smxkrkla9Yi6NkQyUrb8V54PGhfMs6NrIwtxtdw==}
    engines: {node: '>= 6'}

  concat-map@0.0.1:
    resolution: {integrity: sha512-/Srv4dswyQNBfohGpz9o6Yb3Gz3SrUDqBH5rTuhGR7ahtlbYKnVxw2bCFMRljaA7EXHaXZ8wsHdodFvbkhKmqg==}

  configstore@5.0.1:
    resolution: {integrity: sha512-aMKprgk5YhBNyH25hj8wGt2+D52Sw1DRRIzqBwLp2Ya9mFmY8KPvvtvmna8SxVR9JMZ4kzMD68N22vlaRpkeFA==}
    engines: {node: '>=8'}

  core-util-is@1.0.3:
    resolution: {integrity: sha512-ZQBvi1DcpJ4GDqanjucZ2Hj3wEO5pZDS89BWbkcrvdxksJorwUDDZamX9ldFkp9aw2lmBDLgkObEA4DWNJ9FYQ==}

  cosmiconfig@8.0.0:
    resolution: {integrity: sha512-da1EafcpH6b/TD8vDRaWV7xFINlHlF6zKsGwS1TsuVJTZRkquaS5HTMq7uq6h31619QjbsYl21gVDOm32KM1vQ==}
    engines: {node: '>=14'}

  crypto-random-string@2.0.0:
    resolution: {integrity: sha512-v1plID3y9r/lPhviJ1wrXpLeyUIGAZ2SHNYTEapm7/8A9nLPoyvVp3RK/EPFqn5kEznyWgYZNsRtYYIWbuG8KA==}
    engines: {node: '>=8'}

  cspell-dictionary@6.31.3:
    resolution: {integrity: sha512-3w5P3Md/tbHLVGPKVL0ePl1ObmNwhdDiEuZ2TXfm2oAIwg4aqeIrw42A2qmhaKLcuAIywpqGZsrGg8TviNNhig==}
    engines: {node: '>=14'}

  cspell-gitignore@6.31.3:
    resolution: {integrity: sha512-vCfVG4ZrdwJnsZHl/cdp8AY+YNPL3Ga+0KR9XJsaz69EkQpgI6porEqehuwle7hiXw5e3L7xFwNEbpCBlxgLRA==}
    engines: {node: '>=14'}
    hasBin: true

  cspell-glob@6.31.3:
    resolution: {integrity: sha512-+koUJPSCOittQwhR0T1mj4xXT3N+ZnY2qQ53W6Gz9HY3hVfEEy0NpbwE/Uy7sIvFMbc426fK0tGXjXyIj72uhQ==}
    engines: {node: '>=14'}

  cspell-grammar@6.31.3:
    resolution: {integrity: sha512-TZYaOLIGAumyHlm4w7HYKKKcR1ZgEMKt7WNjCFqq7yGVW7U+qyjQqR8jqnLiUTZl7c2Tque4mca7n0CFsjVv5A==}
    engines: {node: '>=14'}
    hasBin: true

  cspell-io@6.31.3:
    resolution: {integrity: sha512-yCnnQ5bTbngUuIAaT5yNSdI1P0Kc38uvC8aynNi7tfrCYOQbDu1F9/DcTpbdhrsCv+xUn2TB1YjuCmm0STfJlA==}
    engines: {node: '>=14'}

  cspell-lib@6.31.3:
    resolution: {integrity: sha512-Dv55aecaMvT/5VbNryKo0Zos8dtHon7e1K0z8DR4/kGZdQVT0bOFWeotSLhuaIqoNFdEt8ypfKbrIHIdbgt1Hg==}
    engines: {node: '>=14.6'}

  cspell-trie-lib@6.31.3:
    resolution: {integrity: sha512-HNUcLWOZAvtM3E34U+7/mSSpO0F6nLd/kFlRIcvSvPb9taqKe8bnSa0Yyb3dsdMq9rMxUmuDQtF+J6arZK343g==}
    engines: {node: '>=14'}

  cspell@6.31.3:
    resolution: {integrity: sha512-VeeShDLWVM6YPiU/imeGy0lmg6ki63tbLEa6hz20BExhzzpmINOP5nSTYtpY0H9zX9TrF/dLbI38TuuYnyG3Uw==}
    engines: {node: '>=14'}
    hasBin: true

  dot-prop@5.3.0:
    resolution: {integrity: sha512-QM8q3zDe58hqUqjraQOmzZ1LIH9SWQJTlEKCH4kJ2oQvLZk7RbQXvtDM2XEq3fwkV9CCvvH4LA0AV+ogFsBM2Q==}
    engines: {node: '>=8'}

  error-ex@1.3.2:
    resolution: {integrity: sha512-7dFHNmqeFSEt2ZBsCriorKnn3Z2pj+fd9kmI6QoWw4//DL+icEBfc0U7qJCisqrTsKTjw4fNFy2pW9OqStD84g==}

  esprima@4.0.1:
    resolution: {integrity: sha512-eGuFFw7Upda+g4p+QHvnW0RyTX/SVeJBDM/gCtMARO0cLuT2HcEKnTPvhjV6aGeqrCB/sbNop0Kszm0jsaWU4A==}
    engines: {node: '>=4'}
    hasBin: true

  fast-equals@4.0.3:
    resolution: {integrity: sha512-G3BSX9cfKttjr+2o1O22tYMLq0DPluZnYtq1rXumE1SpL/F/SLIfHx08WYQoWSIpeMYf8sRbJ8++71+v6Pnxfg==}

  fast-glob@3.3.3:
    resolution: {integrity: sha512-7MptL8U0cqcFdzIzwOTHoilX9x5BrNqye7Z/LuC7kCMRio1EMSyqRK3BEAUD7sXRq4iT4AzTVuZdhgQ2TCvYLg==}
    engines: {node: '>=8.6.0'}

  fast-json-stable-stringify@2.1.0:
    resolution: {integrity: sha512-lhd/wF+Lk98HZoTCtlVraHtfh5XYijIjalXck7saUtuanSDyLMxnHhSXEDJqHxD7msR8D0uCmqlkwjCV8xvwHw==}

  fastq@1.18.0:
    resolution: {integrity: sha512-QKHXPW0hD8g4UET03SdOdunzSouc9N4AuHdsX8XNcTsuz+yYFILVNIX4l9yHABMhiEI9Db0JTTIpu0wB+Y1QQw==}

  file-entry-cache@6.0.1:
    resolution: {integrity: sha512-7Gps/XWymbLk2QLYK4NzpMOrYjMhdIxXuIvy2QBsLE6ljuodKvdkWs/cpyJJ3CVIVpH0Oi1Hvg1ovbMzLdFBBg==}
    engines: {node: ^10.12.0 || >=12.0.0}

  fill-range@7.1.1:
    resolution: {integrity: sha512-YsGpe3WHLK8ZYi4tWDg2Jy3ebRz2rXowDxnld4bkQB00cc/1Zw9AWnC0i9ztDJitivtQvaI9KaLyKrc+hBW0yg==}
    engines: {node: '>=8'}

  find-up@5.0.0:
    resolution: {integrity: sha512-78/PXT1wlLLDgTzDs7sjq9hzz0vXD+zn+7wypEe4fXQxCmdmqfGsEPQxmiCSQI3ajFV91bVSsvNtrJRiW6nGng==}
    engines: {node: '>=10'}

  flat-cache@3.2.0:
    resolution: {integrity: sha512-CYcENa+FtcUKLmhhqyctpclsq7QF38pKjZHsGNiSQF5r4FtoKDWabFDl3hzaEQMvT1LHEysw5twgLvpYYb4vbw==}
    engines: {node: ^10.12.0 || >=12.0.0}

  flatted@3.3.2:
    resolution: {integrity: sha512-AiwGJM8YcNOaobumgtng+6NHuOqC3A7MixFeDafM3X9cIUM+xUXoS5Vfgf+OihAYe20fxqNM9yPBXJzRtZ/4eA==}

  fs.realpath@1.0.0:
    resolution: {integrity: sha512-OO0pH2lK6a0hZnAdau5ItzHPI6pUlvI7jMVnxUQRtw4owF2wk8lOSabtGDCTP4Ggrg2MbGnWO9X8K1t4+fGMDw==}

  gensequence@5.0.2:
    resolution: {integrity: sha512-JlKEZnFc6neaeSVlkzBGGgkIoIaSxMgvdamRoPN8r3ozm2r9dusqxeKqYQ7lhzmj2UhFQP8nkyfCaiLQxiLrDA==}
    engines: {node: '>=14'}

  get-stdin@8.0.0:
    resolution: {integrity: sha512-sY22aA6xchAzprjyqmSEQv4UbAAzRN0L2dQB0NlN5acTTK9Don6nhoc3eAbUnpZiCANAMfd/+40kVdKfFygohg==}
    engines: {node: '>=10'}

  glob-parent@5.1.2:
    resolution: {integrity: sha512-AOIgSQCepiJYwP3ARnGx+5VnTu2HBYdzbGP45eLw1vr3zB3vZLeyed1sC9hnbcOc9/SrMyM5RPQrkGz4aS9Zow==}
    engines: {node: '>= 6'}

  glob@7.2.3:
    resolution: {integrity: sha512-nFR0zLpU2YCaRxwoCJvL6UvCH2JFyFVIvwTLsIf21AuHlMskA1hhTdk+LlYJtOlYt9v6dvszD2BGRqBL+iQK9Q==}
    deprecated: Glob versions prior to v9 are no longer supported

  global-dirs@0.1.1:
    resolution: {integrity: sha512-NknMLn7F2J7aflwFOlGdNIuCDpN3VGoSoB+aap3KABFWbHVn1TCgFC+np23J8W2BiZbjfEw3BFBycSMv1AFblg==}
    engines: {node: '>=4'}

  graceful-fs@4.2.11:
    resolution: {integrity: sha512-RbJ5/jmFcNNCcDV5o9eTnBLJ/HszWV0P73bc+Ff4nS/rJj+YaS6IGyiOL0VoBYX+l1Wrl3k63h/KrH+nhJ0XvQ==}

  has-flag@4.0.0:
    resolution: {integrity: sha512-EykJT/Q1KjTWctppgIAgfSO0tKVuZUjhgMr17kqTumMl6Afv3EISleU7qZUzoXDFTAHTDC4NOoG/ZxU3EvlMPQ==}
    engines: {node: '>=8'}

  has-own-prop@2.0.0:
    resolution: {integrity: sha512-Pq0h+hvsVm6dDEa8x82GnLSYHOzNDt7f0ddFa3FqcQlgzEiptPqL+XrOJNavjOzSYiYWIrgeVYYgGlLmnxwilQ==}
    engines: {node: '>=8'}

  husky@8.0.3:
    resolution: {integrity: sha512-+dQSyqPh4x1hlO1swXBiNb2HzTDN1I2IGLQx1GrBuiqFJfoMrnZWwVmatvSiO+Iz8fBUnf+lekwNo4c2LlXItg==}
    engines: {node: '>=14'}
    hasBin: true

  import-fresh@3.3.0:
    resolution: {integrity: sha512-veYYhQa+D1QBKznvhUHxb8faxlrwUnxseDAbAp457E0wLNio2bOSKnjYDhMj+YiAq61xrMGhQk9iXVk5FzgQMw==}
    engines: {node: '>=6'}

  import-meta-resolve@2.2.2:
    resolution: {integrity: sha512-f8KcQ1D80V7RnqVm+/lirO9zkOxjGxhaTC1IPrBGd3MEfNgmNG67tSUO9gTi2F3Blr2Az6g1vocaxzkVnWl9MA==}

  imurmurhash@0.1.4:
    resolution: {integrity: sha512-JmXMZ6wuvDmLiHEml9ykzqO6lwFbof0GG4IkcGaENdCRDDmMVnny7s5HsIgHCbaq0w2MyPhDqkhTUgS2LU2PHA==}
    engines: {node: '>=0.8.19'}

  inflight@1.0.6:
    resolution: {integrity: sha512-k92I/b08q4wvFscXCLvqfsHCrjrF7yiXsQuIVvVE7N82W3+aqpzuUdBbfhWcy/FZR3/4IgflMgKLOsvPDrGCJA==}
    deprecated: This module is not supported, and leaks memory. Do not use it. Check out lru-cache if you want a good and tested way to coalesce async requests by a key value, which is much more comprehensive and powerful.

  inherits@2.0.4:
    resolution: {integrity: sha512-k/vGaX4/Yla3WzyMCvTQOXYeIHvqOKtnqBduzTHpzpQZzAskKMhZ2K+EnBiSM9zGSoIFeMpXKxa4dYeZIQqewQ==}

  ini@1.3.8:
    resolution: {integrity: sha512-JV/yugV2uzW5iMRSiZAyDtQd+nxtUnjeLt0acNdw98kKLrvuRVyB80tsREOE7yvGVgalhZ6RNXCmEHkUKBKxew==}

  is-arrayish@0.2.1:
    resolution: {integrity: sha512-zz06S8t0ozoDXMG+ube26zeCTNXcKIPJZJi8hBrF4idCLms4CG9QtK7qBl1boi5ODzFpjswb5JPmHCbMpjaYzg==}

  is-extglob@2.1.1:
    resolution: {integrity: sha512-SbKbANkN603Vi4jEZv49LeVJMn4yGwsbzZworEoyEiutsN3nJYdbO36zfhGJ6QEDpOZIFkDtnq5JRxmvl3jsoQ==}
    engines: {node: '>=0.10.0'}

  is-glob@4.0.3:
    resolution: {integrity: sha512-xelSayHH36ZgE7ZWhli7pW34hNbNl8Ojv5KVmkJD4hBdD3th8Tfk9vYasLM+mXWOZhFkgZfxhLSnrwRr4elSSg==}
    engines: {node: '>=0.10.0'}

  is-number@7.0.0:
    resolution: {integrity: sha512-41Cifkg6e8TylSpdtTpeLVMqvSBEVzTttHvERD741+pnZ8ANv0004MRL43QKPDlK9cGvNp6NZWZUBlbGXYxxng==}
    engines: {node: '>=0.12.0'}

  is-obj@2.0.0:
    resolution: {integrity: sha512-drqDG3cbczxxEJRoOXcOjtdp1J/lyp1mNn0xaznRs8+muBhgQcrnbspox5X5fOw0HnMnbfDzvnEMEtqDEJEo8w==}
    engines: {node: '>=8'}

  is-typedarray@1.0.0:
    resolution: {integrity: sha512-cyA56iCMHAh5CdzjJIa4aohJyeO1YbwLi3Jc35MmRU6poroFjIGZzUzupGiRPOjgHg9TLu43xbpwXk523fMxKA==}

  js-tokens@4.0.0:
    resolution: {integrity: sha512-RdJUflcE3cUzKiMqQgsCu06FPu9UdIJO0beYbPhHN4k6apgJtifcoCtT9bcxOpYBtpD2kCM6Sbzg4CausW/PKQ==}

  js-yaml@4.1.0:
    resolution: {integrity: sha512-wpxZs9NoxZaJESJGIZTyDEaYpl0FKSA+FB9aJiyemKhMwkxQg63h4T1KJgUGHpTqPDNRcmmYLugrRjJlBtWvRA==}
    hasBin: true

  json-buffer@3.0.1:
    resolution: {integrity: sha512-4bV5BfR2mqfQTJm+V5tPPdf+ZpuhiIvTuAB5g8kcrXOZpTT/QwwVRWBywX1ozr6lEuPdbHxwaJlm9G6mI2sfSQ==}

  json-parse-even-better-errors@2.3.1:
    resolution: {integrity: sha512-xyFwyhro/JEof6Ghe2iz2NcXoj2sloNsWr/XsERDK/oiPCfaNhl5ONfp+jQdAZRQQ0IJWNzH9zIZF7li91kh2w==}

  keyv@4.5.4:
    resolution: {integrity: sha512-oxVHkHR/EJf2CNXnWxRLW6mg7JyCCUcG0DtEGmL2ctUo1PNTin1PUil+r/+4r5MpVgC/fn1kjsx7mjSujKqIpw==}

  lines-and-columns@1.2.4:
    resolution: {integrity: sha512-7ylylesZQ/PV29jhEDl3Ufjo6ZX7gCqJr5F7PKrqc93v7fzSymt1BpwEU8nAUXs8qzzvqhbjhK5QZg6Mt/HkBg==}

  locate-path@6.0.0:
    resolution: {integrity: sha512-iPZK6eYjbxRu3uB4/WZ3EsEIMJFMqAoopl3R+zuq0UjcAm/MO6KCweDgPfP3elTztoKP3KtnVHxTn2NHBSDVUw==}
    engines: {node: '>=10'}

  make-dir@3.1.0:
    resolution: {integrity: sha512-g3FeP20LNwhALb/6Cz6Dd4F2ngze0jz7tbzrD2wAV+o9FeNHe4rL+yK2md0J/fiSf1sa1ADhXqi5+oVwOM/eGw==}
    engines: {node: '>=8'}

  merge2@1.4.1:
    resolution: {integrity: sha512-8q7VEgMJW4J8tcfVPy8g09NcQwZdbwFEqhe/WZkoIzjn/3TGDwtOCYtXGxA3O8tPzpczCCDgv+P2P5y00ZJOOg==}
    engines: {node: '>= 8'}

  micromatch@4.0.8:
    resolution: {integrity: sha512-PXwfBhYu0hBCPw8Dn0E+WDYb7af3dSLVWKi3HGv84IdF4TyFoC0ysxFd0Goxw7nSv4T/PzEJQxsYsEiFCKo2BA==}
    engines: {node: '>=8.6'}

  minimatch@3.1.2:
    resolution: {integrity: sha512-J7p63hRiAjw1NDEww1W7i37+ByIrOWO5XQQAzZ3VOcL0PNybwpfmV/N05zFAzwQ9USyEcX6t3UO+K5aqBQOIHw==}

  node-fetch@2.7.0:
    resolution: {integrity: sha512-c4FRfUm/dbcWZ7U+1Wq0AwCyFL+3nt2bEw05wfxSz+DWpWsitgmSgYmy2dQdWyKC1694ELPqMs/YzUSNozLt8A==}
    engines: {node: 4.x || >=6.0.0}
    peerDependencies:
      encoding: ^0.1.0
    peerDependenciesMeta:
      encoding:
        optional: true

  once@1.4.0:
    resolution: {integrity: sha512-lNaJgI+2Q5URQBkccEKHTQOPaXdUxnZZElQTZY0MFUAuaEqe1E+Nyvgdz/aIyNi6Z9MzO5dv1H8n58/GELp3+w==}

  p-limit@3.1.0:
    resolution: {integrity: sha512-TYOanM3wGwNGsZN2cVTYPArw454xnXj5qmWF1bEoAc4+cU/ol7GVh7odevjp1FNHduHc3KZMcFduxU5Xc6uJRQ==}
    engines: {node: '>=10'}

  p-locate@5.0.0:
    resolution: {integrity: sha512-LaNjtRWUBY++zB5nE/NwcaoMylSPk+S+ZHNB1TzdbMJMny6dynpAGt7X/tl/QYq3TIeE6nxHppbo2LGymrG5Pw==}
    engines: {node: '>=10'}

  parent-module@1.0.1:
    resolution: {integrity: sha512-GQ2EWRpQV8/o+Aw8YqtfZZPfNRWZYkbidE9k5rpl/hC3vtHHBfGm2Ifi6qWV+coDGkrUKZAxE3Lot5kcsRlh+g==}
    engines: {node: '>=6'}

  parent-module@2.0.0:
    resolution: {integrity: sha512-uo0Z9JJeWzv8BG+tRcapBKNJ0dro9cLyczGzulS6EfeyAdeC9sbojtW6XwvYxJkEne9En+J2XEl4zyglVeIwFg==}
    engines: {node: '>=8'}

  parse-json@5.2.0:
    resolution: {integrity: sha512-ayCKvm/phCGxOkYRSCM82iDwct8/EonSEgCSxWxD7ve6jHggsFl4fZVQBPRNgQoKiuV/odhFrGzQXZwbifC8Rg==}
    engines: {node: '>=8'}

  path-exists@4.0.0:
    resolution: {integrity: sha512-ak9Qy5Q7jYb2Wwcey5Fpvg2KoAc/ZIhLSLOSBmRmygPsGwkVVt0fZa0qrtMz+m6tJTAHfZQ8FnmB4MG4LWy7/w==}
    engines: {node: '>=8'}

  path-is-absolute@1.0.1:
    resolution: {integrity: sha512-AVbw3UJ2e9bq64vSaS9Am0fje1Pa8pbGqTTsmXfaIiMpnr5DlDhfJOuLj9Sf95ZPVDAUerDfEk88MPmPe7UCQg==}
    engines: {node: '>=0.10.0'}

  path-type@4.0.0:
    resolution: {integrity: sha512-gDKb8aZMDeD/tZWs9P6+q0J9Mwkdl6xMV8TjnGP3qJVJ06bdMgkbBlLU8IdfOsIsFz2BW1rNVT3XuNEl8zPAvw==}
    engines: {node: '>=8'}

  picocolors@1.1.1:
    resolution: {integrity: sha512-xceH2snhtb5M9liqDsmEw56le376mTZkEX/jEb/RxNFyegNul7eNslCXP9FDj/Lcu0X8KEyMceP2ntpaHrDEVA==}

  picomatch@2.3.1:
    resolution: {integrity: sha512-JU3teHTNjmE2VCGFzuY8EXzCDVwEqB2a8fsIvwaStHhAWJEeVd1o1QD80CU6+ZdEXXSLbSsuLwJjkCBWqRQUVA==}
    engines: {node: '>=8.6'}

  prettier@3.6.2:
    resolution: {integrity: sha512-I7AIg5boAr5R0FFtJ6rCfD+LFsWHp81dolrFD8S79U9tb8Az2nGrJncnMSnys+bpQJfRUzqs9hnA81OAA3hCuQ==}
    engines: {node: '>=14'}
    hasBin: true

  queue-microtask@1.2.3:
    resolution: {integrity: sha512-NuaNSa6flKT5JaSYQzJok04JzTL1CA6aGhv5rfLW3PgqA+M2ChpZQnAC8h8i4ZFkBS8X5RqkDBHA7r4hej3K9A==}

  repeat-string@1.6.1:
    resolution: {integrity: sha512-PV0dzCYDNfRi1jCDbJzpW7jNNDRuCOG/jI5ctQcGKt/clZD+YcPS3yIlWuTJMmESC8aevCFmWJy5wjAFgNqN6w==}
    engines: {node: '>=0.10'}

  resolve-from@4.0.0:
    resolution: {integrity: sha512-pb/MYmXstAkysRFx8piNI1tGFNQIFA3vkE3Gq4EuA1dF6gHp/+vgZqsCGJapvy8N3Q+4o7FwvquPJcnZ7RYy4g==}
    engines: {node: '>=4'}

  resolve-from@5.0.0:
    resolution: {integrity: sha512-qYg9KP24dD5qka9J47d0aVky0N+b4fTU89LN9iDnjB5waksiC49rvMB0PrUJQGoTmH50XPiqOvAjDfaijGxYZw==}
    engines: {node: '>=8'}

  resolve-global@1.0.0:
    resolution: {integrity: sha512-zFa12V4OLtT5XUX/Q4VLvTfBf+Ok0SPc1FNGM/z9ctUdiU618qwKpWnd0CHs3+RqROfyEg/DhuHbMWYqcgljEw==}
    engines: {node: '>=8'}

  reusify@1.0.4:
    resolution: {integrity: sha512-U9nH88a3fc/ekCF1l0/UP1IosiuIjyTh7hBvXVMHYgVcfGvt897Xguj2UOLDeI5BG2m7/uwyaLVT6fbtCwTyzw==}
    engines: {iojs: '>=1.0.0', node: '>=0.10.0'}

  rimraf@3.0.2:
    resolution: {integrity: sha512-JZkJMZkAGFFPP2YqXZXPbMlMBgsxzE8ILs4lMIX/2o0L9UBw9O/Y3o6wFw/i9YLapcUJWwqbi3kdxIPdC62TIA==}
    deprecated: Rimraf versions prior to v4 are no longer supported
    hasBin: true

  run-parallel@1.2.0:
    resolution: {integrity: sha512-5l4VyZR86LZ/lDxZTR6jqL8AFE2S0IFLMP26AbjsLVADxHdhB/c0GUsH+y39UfCi3dzz8OlQuPmnaJOMoDHQBA==}

  semver@6.3.1:
    resolution: {integrity: sha512-BR7VvDCVHO+q2xBEWskxS6DJE1qRnb7DxzUrogb71CWoSficBxYsiAGd+Kl0mmq/MprG9yArRkyrQxTO6XjMzA==}
    hasBin: true

  semver@7.6.3:
    resolution: {integrity: sha512-oVekP1cKtI+CTDvHWYFUcMtsK/00wmAEfyqKfNdARm8u1wNVhSgaX7A8d4UuIlUI5e84iEwOhs7ZPYRmzU9U6A==}
    engines: {node: '>=10'}
    hasBin: true

  signal-exit@3.0.7:
    resolution: {integrity: sha512-wnD2ZE+l+SPC/uoS0vXeE9L1+0wuaMqKlfz9AMUo38JsyLSBWSFcHR1Rri62LZc12vLr1gb3jl7iwQhgwpAbGQ==}

  strip-ansi@6.0.1:
    resolution: {integrity: sha512-Y38VPSHcqkFrCpFnQ9vuSXmquuv5oXOKpGeT6aGrr3o3Gc9AlVa6JBfUSOCnbxGGZF+/0ooI7KrPuUSztUdU5A==}
    engines: {node: '>=8'}

  supports-color@7.2.0:
    resolution: {integrity: sha512-qpCAvRl9stuOHveKsn7HncJRvv501qIacKzQlO/+Lwxc9+0q2wLyv4Dfvt80/DPn2pqOBsJdDiogXGR9+OvwRw==}
    engines: {node: '>=8'}

  to-regex-range@5.0.1:
    resolution: {integrity: sha512-65P7iz6X5yEr1cwcgvQxbbIw7Uk3gOy5dIdtZ4rDveLqhrdJP+Li/Hx6tyK0NEb+2GCyneCMJiGqrADCSNk8sQ==}
    engines: {node: '>=8.0'}

  tr46@0.0.3:
    resolution: {integrity: sha512-N3WMsuqV66lT30CrXNbEjx4GEwlow3v6rr4mCcv6prnfwhS01rkgyFdjPNBYd9br7LpXV1+Emh01fHnq2Gdgrw==}

  typedarray-to-buffer@3.1.5:
    resolution: {integrity: sha512-zdu8XMNEDepKKR+XYOXAVPtWui0ly0NtohUscw+UmaHiAWT8hrV1rr//H6V+0DvJ3OQ19S979M0laLfX8rm82Q==}

  unique-string@2.0.0:
    resolution: {integrity: sha512-uNaeirEPvpZWSgzwsPGtU2zVSTrn/8L5q/IexZmH0eH6SA73CmAA5U4GwORTxQAZs95TAXLNqeLoPPNO5gZfWg==}
    engines: {node: '>=8'}

  vscode-languageserver-textdocument@1.0.12:
    resolution: {integrity: sha512-cxWNPesCnQCcMPeenjKKsOCKQZ/L6Tv19DTRIGuLWe32lyzWhihGVJ/rcckZXJxfdKCFvRLS3fpBIsV/ZGX4zA==}

  vscode-uri@3.0.8:
    resolution: {integrity: sha512-AyFQ0EVmsOZOlAnxoFOGOq1SQDWAB7C6aqMGS23svWAllfOaxbuFvcT8D1i8z3Gyn8fraVeZNNmN6e9bxxXkKw==}

  webidl-conversions@3.0.1:
    resolution: {integrity: sha512-2JAn3z8AR6rjK8Sm8orRC0h/bcl/DqL7tRPdGZ4I1CjdF+EaMLmYxBHyXuKL849eucPFhvBoxMsflfOb8kxaeQ==}

  whatwg-url@5.0.0:
    resolution: {integrity: sha512-saE57nupxk6v3HY35+jzBwYa0rKSy0XR8JSxZPwgLr7ys0IBzhGviA1/TUGJLmSVqs8pb9AnvICXEuOHLprYTw==}

  wrappy@1.0.2:
    resolution: {integrity: sha512-l4Sp/DRseor9wL6EvV2+TuQn63dMkPjZ/sp9XkghTEbV9KlPS1xUsZ3u7/IQO4wxtcFB4bgpQPRcR3QCvezPcQ==}

  write-file-atomic@3.0.3:
    resolution: {integrity: sha512-AvHcyZ5JnSfq3ioSyjrBkH9yW4m7Ayk8/9My/DD9onKeu/94fwrMocemO2QAJFAlnnDN+ZDS+ZjAR5ua1/PV/Q==}

  xdg-basedir@4.0.0:
    resolution: {integrity: sha512-PSNhEJDejZYV7h50BohL09Er9VaIefr2LMAf3OEmpCkjOi34eYyQYAXUTjEQtZJTKcF0E2UKTh+osDLsgNim9Q==}
    engines: {node: '>=8'}

  yocto-queue@0.1.0:
    resolution: {integrity: sha512-rVksvsnNCdJ/ohGc6xgPwyN8eheCxsiLM8mxuE/t/mOVqJewPuO1miLpTHQiRgTKCLexL4MeAFVagts7HmNZ2Q==}
    engines: {node: '>=10'}

snapshots:

  '@babel/code-frame@7.26.2':
    dependencies:
      '@babel/helper-validator-identifier': 7.25.9
      js-tokens: 4.0.0
      picocolors: 1.1.1

  '@babel/helper-validator-identifier@7.25.9': {}

  '@cspell/cspell-bundled-dicts@6.31.3':
    dependencies:
      '@cspell/dict-ada': 4.1.0
      '@cspell/dict-aws': 3.0.0
      '@cspell/dict-bash': 4.2.0
      '@cspell/dict-companies': 3.1.12
      '@cspell/dict-cpp': 5.1.23
      '@cspell/dict-cryptocurrencies': 3.0.1
      '@cspell/dict-csharp': 4.0.6
      '@cspell/dict-css': 4.0.17
      '@cspell/dict-dart': 2.3.0
      '@cspell/dict-django': 4.1.4
      '@cspell/dict-docker': 1.1.12
      '@cspell/dict-dotnet': 5.0.9
      '@cspell/dict-elixir': 4.0.7
      '@cspell/dict-en-common-misspellings': 1.0.2
      '@cspell/dict-en-gb': 1.1.33
      '@cspell/dict-en_us': 4.3.29
      '@cspell/dict-filetypes': 3.0.10
      '@cspell/dict-fonts': 3.0.2
      '@cspell/dict-fullstack': 3.2.3
      '@cspell/dict-gaming-terms': 1.1.0
      '@cspell/dict-git': 2.0.0
      '@cspell/dict-golang': 6.0.18
      '@cspell/dict-haskell': 4.0.5
      '@cspell/dict-html': 4.0.11
      '@cspell/dict-html-symbol-entities': 4.0.3
      '@cspell/dict-java': 5.0.11
      '@cspell/dict-k8s': 1.0.10
      '@cspell/dict-latex': 4.0.3
      '@cspell/dict-lorem-ipsum': 3.0.0
      '@cspell/dict-lua': 4.0.7
      '@cspell/dict-node': 4.0.3
      '@cspell/dict-npm': 5.1.22
      '@cspell/dict-php': 4.0.14
      '@cspell/dict-powershell': 5.0.14
      '@cspell/dict-public-licenses': 2.0.12
      '@cspell/dict-python': 4.2.14
      '@cspell/dict-r': 2.1.0
      '@cspell/dict-ruby': 5.0.7
      '@cspell/dict-rust': 4.0.11
      '@cspell/dict-scala': 5.0.7
      '@cspell/dict-software-terms': 3.4.10
      '@cspell/dict-sql': 2.2.0
      '@cspell/dict-svelte': 1.0.6
      '@cspell/dict-swift': 2.0.5
      '@cspell/dict-typescript': 3.2.0
      '@cspell/dict-vue': 3.0.4

  '@cspell/cspell-json-reporter@6.31.3':
    dependencies:
      '@cspell/cspell-types': 6.31.3

  '@cspell/cspell-pipe@6.31.3': {}

  '@cspell/cspell-service-bus@6.31.3': {}

  '@cspell/cspell-types@6.31.3': {}

  '@cspell/dict-ada@4.1.0': {}

  '@cspell/dict-aws@3.0.0': {}

  '@cspell/dict-bash@4.2.0':
    dependencies:
      '@cspell/dict-shell': 1.1.0

  '@cspell/dict-companies@3.1.12': {}

  '@cspell/dict-cpp@5.1.23': {}

  '@cspell/dict-cryptocurrencies@3.0.1': {}

  '@cspell/dict-csharp@4.0.6': {}

  '@cspell/dict-css@4.0.17': {}

  '@cspell/dict-dart@2.3.0': {}

  '@cspell/dict-data-science@2.0.6': {}

  '@cspell/dict-django@4.1.4': {}

  '@cspell/dict-docker@1.1.12': {}

  '@cspell/dict-dotnet@5.0.9': {}

  '@cspell/dict-elixir@4.0.7': {}

  '@cspell/dict-en-common-misspellings@1.0.2': {}

  '@cspell/dict-en-gb@1.1.33': {}

  '@cspell/dict-en_us@4.3.29': {}

  '@cspell/dict-filetypes@3.0.10': {}

  '@cspell/dict-fonts@3.0.2': {}

  '@cspell/dict-fullstack@3.2.3': {}

  '@cspell/dict-gaming-terms@1.1.0': {}

  '@cspell/dict-git@2.0.0': {}

  '@cspell/dict-golang@6.0.18': {}

  '@cspell/dict-haskell@4.0.5': {}

  '@cspell/dict-html-symbol-entities@4.0.3': {}

  '@cspell/dict-html@4.0.11': {}

  '@cspell/dict-java@5.0.11': {}

  '@cspell/dict-k8s@1.0.10': {}

  '@cspell/dict-latex@4.0.3': {}

  '@cspell/dict-lorem-ipsum@3.0.0': {}

  '@cspell/dict-lua@4.0.7': {}

  '@cspell/dict-node@4.0.3': {}

  '@cspell/dict-npm@5.1.22': {}

  '@cspell/dict-php@4.0.14': {}

  '@cspell/dict-powershell@5.0.14': {}

  '@cspell/dict-public-licenses@2.0.12': {}

  '@cspell/dict-python@4.2.14':
    dependencies:
      '@cspell/dict-data-science': 2.0.6

  '@cspell/dict-r@2.1.0': {}

  '@cspell/dict-ruby@5.0.7': {}

  '@cspell/dict-rust@4.0.11': {}

  '@cspell/dict-scala@5.0.7': {}

  '@cspell/dict-shell@1.1.0': {}

  '@cspell/dict-software-terms@3.4.10': {}

  '@cspell/dict-sql@2.2.0': {}

  '@cspell/dict-svelte@1.0.6': {}

  '@cspell/dict-swift@2.0.5': {}

  '@cspell/dict-typescript@3.2.0': {}

  '@cspell/dict-vue@3.0.4': {}

  '@cspell/dynamic-import@6.31.3':
    dependencies:
      import-meta-resolve: 2.2.2

  '@cspell/strong-weak-map@6.31.3': {}

  '@nodelib/fs.scandir@2.1.5':
    dependencies:
      '@nodelib/fs.stat': 2.0.5
      run-parallel: 1.2.0

  '@nodelib/fs.stat@2.0.5': {}

  '@nodelib/fs.walk@1.2.8':
    dependencies:
      '@nodelib/fs.scandir': 2.1.5
      fastq: 1.18.0

  ansi-regex@5.0.1: {}

  ansi-styles@4.3.0:
    dependencies:
      color-convert: 2.0.1

  argparse@2.0.1: {}

  array-timsort@1.0.3: {}

  balanced-match@1.0.2: {}

  brace-expansion@1.1.11:
    dependencies:
      balanced-match: 1.0.2
      concat-map: 0.0.1

  braces@3.0.3:
    dependencies:
      fill-range: 7.1.1

  callsites@3.1.0: {}

  chalk@4.1.2:
    dependencies:
      ansi-styles: 4.3.0
      supports-color: 7.2.0

  clear-module@4.1.2:
    dependencies:
      parent-module: 2.0.0
      resolve-from: 5.0.0

  color-convert@2.0.1:
    dependencies:
      color-name: 1.1.4

  color-name@1.1.4: {}

  commander@10.0.1: {}

  comment-json@4.2.5:
    dependencies:
      array-timsort: 1.0.3
      core-util-is: 1.0.3
      esprima: 4.0.1
      has-own-prop: 2.0.0
      repeat-string: 1.6.1

  concat-map@0.0.1: {}

  configstore@5.0.1:
    dependencies:
      dot-prop: 5.3.0
      graceful-fs: 4.2.11
      make-dir: 3.1.0
      unique-string: 2.0.0
      write-file-atomic: 3.0.3
      xdg-basedir: 4.0.0

  core-util-is@1.0.3: {}

  cosmiconfig@8.0.0:
    dependencies:
      import-fresh: 3.3.0
      js-yaml: 4.1.0
      parse-json: 5.2.0
      path-type: 4.0.0

  crypto-random-string@2.0.0: {}

  cspell-dictionary@6.31.3:
    dependencies:
      '@cspell/cspell-pipe': 6.31.3
      '@cspell/cspell-types': 6.31.3
      cspell-trie-lib: 6.31.3
      fast-equals: 4.0.3
      gensequence: 5.0.2

  cspell-gitignore@6.31.3:
    dependencies:
      cspell-glob: 6.31.3
      find-up: 5.0.0

  cspell-glob@6.31.3:
    dependencies:
      micromatch: 4.0.8

  cspell-grammar@6.31.3:
    dependencies:
      '@cspell/cspell-pipe': 6.31.3
      '@cspell/cspell-types': 6.31.3

  cspell-io@6.31.3:
    dependencies:
      '@cspell/cspell-service-bus': 6.31.3
      node-fetch: 2.7.0
    transitivePeerDependencies:
      - encoding

  cspell-lib@6.31.3:
    dependencies:
      '@cspell/cspell-bundled-dicts': 6.31.3
      '@cspell/cspell-pipe': 6.31.3
      '@cspell/cspell-types': 6.31.3
      '@cspell/strong-weak-map': 6.31.3
      clear-module: 4.1.2
      comment-json: 4.2.5
      configstore: 5.0.1
      cosmiconfig: 8.0.0
      cspell-dictionary: 6.31.3
      cspell-glob: 6.31.3
      cspell-grammar: 6.31.3
      cspell-io: 6.31.3
      cspell-trie-lib: 6.31.3
      fast-equals: 4.0.3
      find-up: 5.0.0
      gensequence: 5.0.2
      import-fresh: 3.3.0
      resolve-from: 5.0.0
      resolve-global: 1.0.0
      vscode-languageserver-textdocument: 1.0.12
      vscode-uri: 3.0.8
    transitivePeerDependencies:
      - encoding

  cspell-trie-lib@6.31.3:
    dependencies:
      '@cspell/cspell-pipe': 6.31.3
      '@cspell/cspell-types': 6.31.3
      gensequence: 5.0.2

  cspell@6.31.3:
    dependencies:
      '@cspell/cspell-json-reporter': 6.31.3
      '@cspell/cspell-pipe': 6.31.3
      '@cspell/cspell-types': 6.31.3
      '@cspell/dynamic-import': 6.31.3
      chalk: 4.1.2
      commander: 10.0.1
      cspell-gitignore: 6.31.3
      cspell-glob: 6.31.3
      cspell-io: 6.31.3
      cspell-lib: 6.31.3
      fast-glob: 3.3.3
      fast-json-stable-stringify: 2.1.0
      file-entry-cache: 6.0.1
      get-stdin: 8.0.0
      imurmurhash: 0.1.4
      semver: 7.6.3
      strip-ansi: 6.0.1
      vscode-uri: 3.0.8
    transitivePeerDependencies:
      - encoding

  dot-prop@5.3.0:
    dependencies:
      is-obj: 2.0.0

  error-ex@1.3.2:
    dependencies:
      is-arrayish: 0.2.1

  esprima@4.0.1: {}

  fast-equals@4.0.3: {}

  fast-glob@3.3.3:
    dependencies:
      '@nodelib/fs.stat': 2.0.5
      '@nodelib/fs.walk': 1.2.8
      glob-parent: 5.1.2
      merge2: 1.4.1
      micromatch: 4.0.8

  fast-json-stable-stringify@2.1.0: {}

  fastq@1.18.0:
    dependencies:
      reusify: 1.0.4

  file-entry-cache@6.0.1:
    dependencies:
      flat-cache: 3.2.0

  fill-range@7.1.1:
    dependencies:
      to-regex-range: 5.0.1

  find-up@5.0.0:
    dependencies:
      locate-path: 6.0.0
      path-exists: 4.0.0

  flat-cache@3.2.0:
    dependencies:
      flatted: 3.3.2
      keyv: 4.5.4
      rimraf: 3.0.2

  flatted@3.3.2: {}

  fs.realpath@1.0.0: {}

  gensequence@5.0.2: {}

  get-stdin@8.0.0: {}

  glob-parent@5.1.2:
    dependencies:
      is-glob: 4.0.3

  glob@7.2.3:
    dependencies:
      fs.realpath: 1.0.0
      inflight: 1.0.6
      inherits: 2.0.4
      minimatch: 3.1.2
      once: 1.4.0
      path-is-absolute: 1.0.1

  global-dirs@0.1.1:
    dependencies:
      ini: 1.3.8

  graceful-fs@4.2.11: {}

  has-flag@4.0.0: {}

  has-own-prop@2.0.0: {}

  husky@8.0.3: {}

  import-fresh@3.3.0:
    dependencies:
      parent-module: 1.0.1
      resolve-from: 4.0.0

  import-meta-resolve@2.2.2: {}

  imurmurhash@0.1.4: {}

  inflight@1.0.6:
    dependencies:
      once: 1.4.0
      wrappy: 1.0.2

  inherits@2.0.4: {}

  ini@1.3.8: {}

  is-arrayish@0.2.1: {}

  is-extglob@2.1.1: {}

  is-glob@4.0.3:
    dependencies:
      is-extglob: 2.1.1

  is-number@7.0.0: {}

  is-obj@2.0.0: {}

  is-typedarray@1.0.0: {}

  js-tokens@4.0.0: {}

  js-yaml@4.1.0:
    dependencies:
      argparse: 2.0.1

  json-buffer@3.0.1: {}

  json-parse-even-better-errors@2.3.1: {}

  keyv@4.5.4:
    dependencies:
      json-buffer: 3.0.1

  lines-and-columns@1.2.4: {}

  locate-path@6.0.0:
    dependencies:
      p-locate: 5.0.0

  make-dir@3.1.0:
    dependencies:
      semver: 6.3.1

  merge2@1.4.1: {}

  micromatch@4.0.8:
    dependencies:
      braces: 3.0.3
      picomatch: 2.3.1

  minimatch@3.1.2:
    dependencies:
      brace-expansion: 1.1.11

  node-fetch@2.7.0:
    dependencies:
      whatwg-url: 5.0.0

  once@1.4.0:
    dependencies:
      wrappy: 1.0.2

  p-limit@3.1.0:
    dependencies:
      yocto-queue: 0.1.0

  p-locate@5.0.0:
    dependencies:
      p-limit: 3.1.0

  parent-module@1.0.1:
    dependencies:
      callsites: 3.1.0

  parent-module@2.0.0:
    dependencies:
      callsites: 3.1.0

  parse-json@5.2.0:
    dependencies:
      '@babel/code-frame': 7.26.2
      error-ex: 1.3.2
      json-parse-even-better-errors: 2.3.1
      lines-and-columns: 1.2.4

  path-exists@4.0.0: {}

  path-is-absolute@1.0.1: {}

  path-type@4.0.0: {}

  picocolors@1.1.1: {}

  picomatch@2.3.1: {}

  prettier@3.6.2: {}

  queue-microtask@1.2.3: {}

  repeat-string@1.6.1: {}

  resolve-from@4.0.0: {}

  resolve-from@5.0.0: {}

  resolve-global@1.0.0:
    dependencies:
      global-dirs: 0.1.1

  reusify@1.0.4: {}

  rimraf@3.0.2:
    dependencies:
      glob: 7.2.3

  run-parallel@1.2.0:
    dependencies:
      queue-microtask: 1.2.3

  semver@6.3.1: {}

  semver@7.6.3: {}

  signal-exit@3.0.7: {}

  strip-ansi@6.0.1:
    dependencies:
      ansi-regex: 5.0.1

  supports-color@7.2.0:
    dependencies:
      has-flag: 4.0.0

  to-regex-range@5.0.1:
    dependencies:
      is-number: 7.0.0

  tr46@0.0.3: {}

  typedarray-to-buffer@3.1.5:
    dependencies:
      is-typedarray: 1.0.0

  unique-string@2.0.0:
    dependencies:
      crypto-random-string: 2.0.0

  vscode-languageserver-textdocument@1.0.12: {}

  vscode-uri@3.0.8: {}

  webidl-conversions@3.0.1: {}

  whatwg-url@5.0.0:
    dependencies:
      tr46: 0.0.3
      webidl-conversions: 3.0.1

  wrappy@1.0.2: {}

  write-file-atomic@3.0.3:
    dependencies:
      imurmurhash: 0.1.4
      is-typedarray: 1.0.0
      signal-exit: 3.0.7
      typedarray-to-buffer: 3.1.5

  xdg-basedir@4.0.0: {}

  yocto-queue@0.1.0: {}
